// !$*UTF8*$!
{
	archiveVersion = 1;
	classes = {
	};
	objectVersion = 55;
	objects = {

/* Begin PBXBuildFile section */
		6402043ADD397899911639EB /* Pods_MVVM_ex.framework in Frameworks */ = {isa = PBXBuildFile; fileRef = 1B04C661673DC17563343185 /* Pods_MVVM_ex.framework */; };
		9179D8952AB2D5C8002076A0 /* AppDelegate.swift in Sources */ = {isa = PBXBuildFile; fileRef = 9179D8942AB2D5C8002076A0 /* AppDelegate.swift */; };
		9179D8972AB2D5C8002076A0 /* SceneDelegate.swift in Sources */ = {isa = PBXBuildFile; fileRef = 9179D8962AB2D5C8002076A0 /* SceneDelegate.swift */; };
		9179D89C2AB2D5C8002076A0 /* Main.storyboard in Resources */ = {isa = PBXBuildFile; fileRef = 9179D89A2AB2D5C8002076A0 /* Main.storyboard */; };
		9179D89E2AB2D5CA002076A0 /* Assets.xcassets in Resources */ = {isa = PBXBuildFile; fileRef = 9179D89D2AB2D5CA002076A0 /* Assets.xcassets */; };
		9179D8A12AB2D5CA002076A0 /* LaunchScreen.storyboard in Resources */ = {isa = PBXBuildFile; fileRef = 9179D89F2AB2D5CA002076A0 /* LaunchScreen.storyboard */; };
		9179D8B62AB2DB85002076A0 /* Product.swift in Sources */ = {isa = PBXBuildFile; fileRef = 9179D8B52AB2DB85002076A0 /* Product.swift */; };
		9179D8B82AB2E272002076A0 /* APIManager.swift in Sources */ = {isa = PBXBuildFile; fileRef = 9179D8B72AB2E272002076A0 /* APIManager.swift */; };
		9179D8BA2AB2E565002076A0 /* Constant.swift in Sources */ = {isa = PBXBuildFile; fileRef = 9179D8B92AB2E565002076A0 /* Constant.swift */; };
		9179D8BC2AB2EC05002076A0 /* ProductListViewController.swift in Sources */ = {isa = PBXBuildFile; fileRef = 9179D8BB2AB2EC05002076A0 /* ProductListViewController.swift */; };
		91BFDC412AB2F717009C540D /* ProductViewModel.swift in Sources */ = {isa = PBXBuildFile; fileRef = 91BFDC402AB2F717009C540D /* ProductViewModel.swift */; };
		91BFDC442AB2FE65009C540D /* ProductCell.swift in Sources */ = {isa = PBXBuildFile; fileRef = 91BFDC422AB2FE65009C540D /* ProductCell.swift */; };
		91BFDC452AB2FE65009C540D /* ProductCell.xib in Resources */ = {isa = PBXBuildFile; fileRef = 91BFDC432AB2FE65009C540D /* ProductCell.xib */; };
		91BFDC472AB3784A009C540D /* UIImageView + Extension.swift in Sources */ = {isa = PBXBuildFile; fileRef = 91BFDC462AB3784A009C540D /* UIImageView + Extension.swift */; };
		91BFDC8D2AB41BFA009C540D /* EndPointType.swift in Sources */ = {isa = PBXBuildFile; fileRef = 91BFDC8C2AB41BFA009C540D /* EndPointType.swift */; };
		91BFDC952AB7FDD8009C540D /* AddProductViewController .swift in Sources */ = {isa = PBXBuildFile; fileRef = 91BFDC942AB7FDD8009C540D /* AddProductViewController .swift */; };
		91BFDC972AB80576009C540D /* AddProduct.swift in Sources */ = {isa = PBXBuildFile; fileRef = 91BFDC962AB80576009C540D /* AddProduct.swift */; };
/* End PBXBuildFile section */

/* Begin PBXFileReference section */
		1B04C661673DC17563343185 /* Pods_MVVM_ex.framework */ = {isa = PBXFileReference; explicitFileType = wrapper.framework; includeInIndex = 0; path = Pods_MVVM_ex.framework; sourceTree = BUILT_PRODUCTS_DIR; };
		9179D8912AB2D5C8002076A0 /* MVVM-ex.app */ = {isa = PBXFileReference; explicitFileType = wrapper.application; includeInIndex = 0; path = "MVVM-ex.app"; sourceTree = BUILT_PRODUCTS_DIR; };
		9179D8942AB2D5C8002076A0 /* AppDelegate.swift */ = {isa = PBXFileReference; lastKnownFileType = sourcecode.swift; path = AppDelegate.swift; sourceTree = "<group>"; };
		9179D8962AB2D5C8002076A0 /* SceneDelegate.swift */ = {isa = PBXFileReference; lastKnownFileType = sourcecode.swift; path = SceneDelegate.swift; sourceTree = "<group>"; };
		9179D89B2AB2D5C8002076A0 /* Base */ = {isa = PBXFileReference; lastKnownFileType = file.storyboard; name = Base; path = Base.lproj/Main.storyboard; sourceTree = "<group>"; };
		9179D89D2AB2D5CA002076A0 /* Assets.xcassets */ = {isa = PBXFileReference; lastKnownFileType = folder.assetcatalog; path = Assets.xcassets; sourceTree = "<group>"; };
		9179D8A02AB2D5CA002076A0 /* Base */ = {isa = PBXFileReference; lastKnownFileType = file.storyboard; name = Base; path = Base.lproj/LaunchScreen.storyboard; sourceTree = "<group>"; };
		9179D8A22AB2D5CA002076A0 /* Info.plist */ = {isa = PBXFileReference; lastKnownFileType = text.plist.xml; path = Info.plist; sourceTree = "<group>"; };
		9179D8B52AB2DB85002076A0 /* Product.swift */ = {isa = PBXFileReference; lastKnownFileType = sourcecode.swift; path = Product.swift; sourceTree = "<group>"; };
		9179D8B72AB2E272002076A0 /* APIManager.swift */ = {isa = PBXFileReference; lastKnownFileType = sourcecode.swift; path = APIManager.swift; sourceTree = "<group>"; };
		9179D8B92AB2E565002076A0 /* Constant.swift */ = {isa = PBXFileReference; lastKnownFileType = sourcecode.swift; path = Constant.swift; sourceTree = "<group>"; };
		9179D8BB2AB2EC05002076A0 /* ProductListViewController.swift */ = {isa = PBXFileReference; lastKnownFileType = sourcecode.swift; path = ProductListViewController.swift; sourceTree = "<group>"; };
		91BFDC402AB2F717009C540D /* ProductViewModel.swift */ = {isa = PBXFileReference; lastKnownFileType = sourcecode.swift; path = ProductViewModel.swift; sourceTree = "<group>"; };
		91BFDC422AB2FE65009C540D /* ProductCell.swift */ = {isa = PBXFileReference; lastKnownFileType = sourcecode.swift; path = ProductCell.swift; sourceTree = "<group>"; };
		91BFDC432AB2FE65009C540D /* ProductCell.xib */ = {isa = PBXFileReference; lastKnownFileType = file.xib; path = ProductCell.xib; sourceTree = "<group>"; };
		91BFDC462AB3784A009C540D /* UIImageView + Extension.swift */ = {isa = PBXFileReference; lastKnownFileType = sourcecode.swift; path = "UIImageView + Extension.swift"; sourceTree = "<group>"; };
		91BFDC8C2AB41BFA009C540D /* EndPointType.swift */ = {isa = PBXFileReference; lastKnownFileType = sourcecode.swift; path = EndPointType.swift; sourceTree = "<group>"; };
		91BFDC942AB7FDD8009C540D /* AddProductViewController .swift */ = {isa = PBXFileReference; fileEncoding = 4; lastKnownFileType = sourcecode.swift; path = "AddProductViewController .swift"; sourceTree = "<group>"; };
		91BFDC962AB80576009C540D /* AddProduct.swift */ = {isa = PBXFileReference; lastKnownFileType = sourcecode.swift; path = AddProduct.swift; sourceTree = "<group>"; };
		942DDE29DEFB99341A1F651F /* Pods-MVVM-ex.debug.xcconfig */ = {isa = PBXFileReference; includeInIndex = 1; lastKnownFileType = text.xcconfig; name = "Pods-MVVM-ex.debug.xcconfig"; path = "Target Support Files/Pods-MVVM-ex/Pods-MVVM-ex.debug.xcconfig"; sourceTree = "<group>"; };
		9AE8E5D6BE2AB7DE01D898BF /* Pods-MVVM-ex.release.xcconfig */ = {isa = PBXFileReference; includeInIndex = 1; lastKnownFileType = text.xcconfig; name = "Pods-MVVM-ex.release.xcconfig"; path = "Target Support Files/Pods-MVVM-ex/Pods-MVVM-ex.release.xcconfig"; sourceTree = "<group>"; };
/* End PBXFileReference section */

/* Begin PBXFrameworksBuildPhase section */
		9179D88E2AB2D5C8002076A0 /* Frameworks */ = {
			isa = PBXFrameworksBuildPhase;
			buildActionMask = 2147483647;
			files = (
				6402043ADD397899911639EB /* Pods_MVVM_ex.framework in Frameworks */,
			);
			runOnlyForDeploymentPostprocessing = 0;
		};
/* End PBXFrameworksBuildPhase section */

/* Begin PBXGroup section */
		0AA5E2A4668499FE76277903 /* Frameworks */ = {
			isa = PBXGroup;
			children = (
				1B04C661673DC17563343185 /* Pods_MVVM_ex.framework */,
			);
			name = Frameworks;
			sourceTree = "<group>";
		};
		43B2722A24DCB2294450ABA5 /* Pods */ = {
			isa = PBXGroup;
			children = (
				942DDE29DEFB99341A1F651F /* Pods-MVVM-ex.debug.xcconfig */,
				9AE8E5D6BE2AB7DE01D898BF /* Pods-MVVM-ex.release.xcconfig */,
			);
			path = Pods;
			sourceTree = "<group>";
		};
		9179D8882AB2D5C8002076A0 = {
			isa = PBXGroup;
			children = (
				9179D8932AB2D5C8002076A0 /* MVVM-ex */,
				9179D8922AB2D5C8002076A0 /* Products */,
				43B2722A24DCB2294450ABA5 /* Pods */,
				0AA5E2A4668499FE76277903 /* Frameworks */,
			);
			sourceTree = "<group>";
		};
		9179D8922AB2D5C8002076A0 /* Products */ = {
			isa = PBXGroup;
			children = (
				9179D8912AB2D5C8002076A0 /* MVVM-ex.app */,
			);
			name = Products;
			sourceTree = "<group>";
		};
		9179D8932AB2D5C8002076A0 /* MVVM-ex */ = {
			isa = PBXGroup;
			children = (
				91BFDC892AB41BAD009C540D /* Utility */,
				9179D8AD2AB2D699002076A0 /* Screens */,
				9179D8AF2AB2D6BE002076A0 /* Resources */,
				9179D8AE2AB2D6A9002076A0 /* Storyboard */,
				9179D8AC2AB2D68B002076A0 /* Helper */,
				9179D8AB2AB2D663002076A0 /* Constant */,
				9179D8AA2AB2D65D002076A0 /* Extensions */,
				9179D8A82AB2D619002076A0 /* Application */,
				9179D8A22AB2D5CA002076A0 /* Info.plist */,
			);
			path = "MVVM-ex";
			sourceTree = "<group>";
		};
		9179D8A82AB2D619002076A0 /* Application */ = {
			isa = PBXGroup;
			children = (
				9179D8942AB2D5C8002076A0 /* AppDelegate.swift */,
				9179D8962AB2D5C8002076A0 /* SceneDelegate.swift */,
			);
			path = Application;
			sourceTree = "<group>";
		};
		9179D8AA2AB2D65D002076A0 /* Extensions */ = {
			isa = PBXGroup;
			children = (
				91BFDC462AB3784A009C540D /* UIImageView + Extension.swift */,
			);
			path = Extensions;
			sourceTree = "<group>";
		};
		9179D8AB2AB2D663002076A0 /* Constant */ = {
			isa = PBXGroup;
			children = (
				9179D8B92AB2E565002076A0 /* Constant.swift */,
			);
			path = Constant;
			sourceTree = "<group>";
		};
		9179D8AC2AB2D68B002076A0 /* Helper */ = {
			isa = PBXGroup;
			children = (
				9179D8B72AB2E272002076A0 /* APIManager.swift */,
			);
			path = Helper;
			sourceTree = "<group>";
		};
		9179D8AD2AB2D699002076A0 /* Screens */ = {
			isa = PBXGroup;
			children = (
				9179D8B12AB2DAE2002076A0 /* Product */,
			);
			path = Screens;
			sourceTree = "<group>";
		};
		9179D8AE2AB2D6A9002076A0 /* Storyboard */ = {
			isa = PBXGroup;
			children = (
				9179D89A2AB2D5C8002076A0 /* Main.storyboard */,
				9179D89F2AB2D5CA002076A0 /* LaunchScreen.storyboard */,
			);
			path = Storyboard;
			sourceTree = "<group>";
		};
		9179D8AF2AB2D6BE002076A0 /* Resources */ = {
			isa = PBXGroup;
			children = (
				9179D89D2AB2D5CA002076A0 /* Assets.xcassets */,
			);
			path = Resources;
			sourceTree = "<group>";
		};
		9179D8B12AB2DAE2002076A0 /* Product */ = {
			isa = PBXGroup;
			children = (
				9179D8B42AB2DB00002076A0 /* ViewModel */,
				9179D8B32AB2DAF9002076A0 /* Model */,
				9179D8B22AB2DAEF002076A0 /* View */,
			);
			path = Product;
			sourceTree = "<group>";
		};
		9179D8B22AB2DAEF002076A0 /* View */ = {
			isa = PBXGroup;
			children = (
				91BFDC942AB7FDD8009C540D /* AddProductViewController .swift */,
				9179D8BB2AB2EC05002076A0 /* ProductListViewController.swift */,
				91BFDC422AB2FE65009C540D /* ProductCell.swift */,
				91BFDC432AB2FE65009C540D /* ProductCell.xib */,
			);
			path = View;
			sourceTree = "<group>";
		};
		9179D8B32AB2DAF9002076A0 /* Model */ = {
			isa = PBXGroup;
			children = (
				9179D8B52AB2DB85002076A0 /* Product.swift */,
				91BFDC962AB80576009C540D /* AddProduct.swift */,
			);
			path = Model;
			sourceTree = "<group>";
		};
		9179D8B42AB2DB00002076A0 /* ViewModel */ = {
			isa = PBXGroup;
			children = (
				91BFDC402AB2F717009C540D /* ProductViewModel.swift */,
			);
			path = ViewModel;
			sourceTree = "<group>";
		};
		91BFDC892AB41BAD009C540D /* Utility */ = {
			isa = PBXGroup;
			children = (
				91BFDC8C2AB41BFA009C540D /* EndPointType.swift */,
			);
			path = Utility;
			sourceTree = "<group>";
		};
/* End PBXGroup section */

/* Begin PBXNativeTarget section */
		9179D8902AB2D5C8002076A0 /* MVVM-ex */ = {
			isa = PBXNativeTarget;
			buildConfigurationList = 9179D8A52AB2D5CA002076A0 /* Build configuration list for PBXNativeTarget "MVVM-ex" */;
			buildPhases = (
				7D3463CE6CCFBADA04E41F4A /* [CP] Check Pods Manifest.lock */,
				9179D88D2AB2D5C8002076A0 /* Sources */,
				9179D88E2AB2D5C8002076A0 /* Frameworks */,
				9179D88F2AB2D5C8002076A0 /* Resources */,
				B727BA4D2DDC25A961A9E545 /* [CP] Embed Pods Frameworks */,
			);
			buildRules = (
			);
			dependencies = (
			);
			name = "MVVM-ex";
			productName = "MVVM-ex";
			productReference = 9179D8912AB2D5C8002076A0 /* MVVM-ex.app */;
			productType = "com.apple.product-type.application";
		};
/* End PBXNativeTarget section */

/* Begin PBXProject section */
		9179D8892AB2D5C8002076A0 /* Project object */ = {
			isa = PBXProject;
			attributes = {
				BuildIndependentTargetsInParallel = 1;
				LastSwiftUpdateCheck = 1430;
				LastUpgradeCheck = 1430;
				TargetAttributes = {
					9179D8902AB2D5C8002076A0 = {
						CreatedOnToolsVersion = 14.3.1;
					};
				};
			};
			buildConfigurationList = 9179D88C2AB2D5C8002076A0 /* Build configuration list for PBXProject "MVVM-ex" */;
			compatibilityVersion = "Xcode 13.0";
			developmentRegion = en;
			hasScannedForEncodings = 0;
			knownRegions = (
				en,
				Base,
			);
			mainGroup = 9179D8882AB2D5C8002076A0;
			productRefGroup = 9179D8922AB2D5C8002076A0 /* Products */;
			projectDirPath = "";
			projectRoot = "";
			targets = (
				9179D8902AB2D5C8002076A0 /* MVVM-ex */,
			);
		};
/* End PBXProject section */

/* Begin PBXResourcesBuildPhase section */
		9179D88F2AB2D5C8002076A0 /* Resources */ = {
			isa = PBXResourcesBuildPhase;
			buildActionMask = 2147483647;
			files = (
				9179D8A12AB2D5CA002076A0 /* LaunchScreen.storyboard in Resources */,
				91BFDC452AB2FE65009C540D /* ProductCell.xib in Resources */,
				9179D89E2AB2D5CA002076A0 /* Assets.xcassets in Resources */,
				9179D89C2AB2D5C8002076A0 /* Main.storyboard in Resources */,
			);
			runOnlyForDeploymentPostprocessing = 0;
		};
/* End PBXResourcesBuildPhase section */

/* Begin PBXShellScriptBuildPhase section */
		7D3463CE6CCFBADA04E41F4A /* [CP] Check Pods Manifest.lock */ = {
			isa = PBXShellScriptBuildPhase;
			buildActionMask = 2147483647;
			files = (
			);
			inputFileListPaths = (
			);
			inputPaths = (
				"${PODS_PODFILE_DIR_PATH}/Podfile.lock",
				"${PODS_ROOT}/Manifest.lock",
			);
			name = "[CP] Check Pods Manifest.lock";
			outputFileListPaths = (
			);
			outputPaths = (
				"$(DERIVED_FILE_DIR)/Pods-MVVM-ex-checkManifestLockResult.txt",
			);
			runOnlyForDeploymentPostprocessing = 0;
			shellPath = /bin/sh;
			shellScript = "diff \"${PODS_PODFILE_DIR_PATH}/Podfile.lock\" \"${PODS_ROOT}/Manifest.lock\" > /dev/null\nif [ $? != 0 ] ; then\n    # print error to STDERR\n    echo \"error: The sandbox is not in sync with the Podfile.lock. Run 'pod install' or update your CocoaPods installation.\" >&2\n    exit 1\nfi\n# This output is used by Xcode 'outputs' to avoid re-running this script phase.\necho \"SUCCESS\" > \"${SCRIPT_OUTPUT_FILE_0}\"\n";
			showEnvVarsInLog = 0;
		};
		B727BA4D2DDC25A961A9E545 /* [CP] Embed Pods Frameworks */ = {
			isa = PBXShellScriptBuildPhase;
			buildActionMask = 2147483647;
			files = (
			);
			inputFileListPaths = (
				"${PODS_ROOT}/Target Support Files/Pods-MVVM-ex/Pods-MVVM-ex-frameworks-${CONFIGURATION}-input-files.xcfilelist",
			);
			name = "[CP] Embed Pods Frameworks";
			outputFileListPaths = (
				"${PODS_ROOT}/Target Support Files/Pods-MVVM-ex/Pods-MVVM-ex-frameworks-${CONFIGURATION}-output-files.xcfilelist",
			);
			runOnlyForDeploymentPostprocessing = 0;
			shellPath = /bin/sh;
			shellScript = "\"${PODS_ROOT}/Target Support Files/Pods-MVVM-ex/Pods-MVVM-ex-frameworks.sh\"\n";
			showEnvVarsInLog = 0;
		};
/* End PBXShellScriptBuildPhase section */

/* Begin PBXSourcesBuildPhase section */
		9179D88D2AB2D5C8002076A0 /* Sources */ = {
			isa = PBXSourcesBuildPhase;
			buildActionMask = 2147483647;
			files = (
				91BFDC472AB3784A009C540D /* UIImageView + Extension.swift in Sources */,
				91BFDC412AB2F717009C540D /* ProductViewModel.swift in Sources */,
				9179D8B82AB2E272002076A0 /* APIManager.swift in Sources */,
				91BFDC952AB7FDD8009C540D /* AddProductViewController .swift in Sources */,
				9179D8952AB2D5C8002076A0 /* AppDelegate.swift in Sources */,
				91BFDC972AB80576009C540D /* AddProduct.swift in Sources */,
				9179D8BA2AB2E565002076A0 /* Constant.swift in Sources */,
				9179D8972AB2D5C8002076A0 /* SceneDelegate.swift in Sources */,
				91BFDC442AB2FE65009C540D /* ProductCell.swift in Sources */,
				9179D8BC2AB2EC05002076A0 /* ProductListViewController.swift in Sources */,
				91BFDC8D2AB41BFA009C540D /* EndPointType.swift in Sources */,
				9179D8B62AB2DB85002076A0 /* Product.swift in Sources */,
			);
			runOnlyForDeploymentPostprocessing = 0;
		};
/* End PBXSourcesBuildPhase section */

/* Begin PBXVariantGroup section */
		9179D89A2AB2D5C8002076A0 /* Main.storyboard */ = {
			isa = PBXVariantGroup;
			children = (
				9179D89B2AB2D5C8002076A0 /* Base */,
			);
			name = Main.storyboard;
			sourceTree = "<group>";
		};
		9179D89F2AB2D5CA002076A0 /* LaunchScreen.storyboard */ = {
			isa = PBXVariantGroup;
			children = (
				9179D8A02AB2D5CA002076A0 /* Base */,
			);
			name = LaunchScreen.storyboard;
			sourceTree = "<group>";
		};
/* End PBXVariantGroup section */

/* Begin XCBuildConfiguration section */
		9179D8A32AB2D5CA002076A0 /* Debug */ = {
			isa = XCBuildConfiguration;
			buildSettings = {
				ALWAYS_SEARCH_USER_PATHS = NO;
				CLANG_ANALYZER_NONNULL = YES;
				CLANG_ANALYZER_NUMBER_OBJECT_CONVERSION = YES_AGGRESSIVE;
				CLANG_CXX_LANGUAGE_STANDARD = "gnu++20";
				CLANG_ENABLE_MODULES = YES;
				CLANG_ENABLE_OBJC_ARC = YES;
				CLANG_ENABLE_OBJC_WEAK = YES;
				CLANG_WARN_BLOCK_CAPTURE_AUTORELEASING = YES;
				CLANG_WARN_BOOL_CONVERSION = YES;
				CLANG_WARN_COMMA = YES;
				CLANG_WARN_CONSTANT_CONVERSION = YES;
				CLANG_WARN_DEPRECATED_OBJC_IMPLEMENTATIONS = YES;
				CLANG_WARN_DIRECT_OBJC_ISA_USAGE = YES_ERROR;
				CLANG_WARN_DOCUMENTATION_COMMENTS = YES;
				CLANG_WARN_EMPTY_BODY = YES;
				CLANG_WARN_ENUM_CONVERSION = YES;
				CLANG_WARN_INFINITE_RECURSION = YES;
				CLANG_WARN_INT_CONVERSION = YES;
				CLANG_WARN_NON_LITERAL_NULL_CONVERSION = YES;
				CLANG_WARN_OBJC_IMPLICIT_RETAIN_SELF = YES;
				CLANG_WARN_OBJC_LITERAL_CONVERSION = YES;
				CLANG_WARN_OBJC_ROOT_CLASS = YES_ERROR;
				CLANG_WARN_QUOTED_INCLUDE_IN_FRAMEWORK_HEADER = YES;
				CLANG_WARN_RANGE_LOOP_ANALYSIS = YES;
				CLANG_WARN_STRICT_PROTOTYPES = YES;
				CLANG_WARN_SUSPICIOUS_MOVE = YES;
				CLANG_WARN_UNGUARDED_AVAILABILITY = YES_AGGRESSIVE;
				CLANG_WARN_UNREACHABLE_CODE = YES;
				CLANG_WARN__DUPLICATE_METHOD_MATCH = YES;
				COPY_PHASE_STRIP = NO;
				DEBUG_INFORMATION_FORMAT = dwarf;
				ENABLE_STRICT_OBJC_MSGSEND = YES;
				ENABLE_TESTABILITY = YES;
				GCC_C_LANGUAGE_STANDARD = gnu11;
				GCC_DYNAMIC_NO_PIC = NO;
				GCC_NO_COMMON_BLOCKS = YES;
				GCC_OPTIMIZATION_LEVEL = 0;
				GCC_PREPROCESSOR_DEFINITIONS = (
					"DEBUG=1",
					"$(inherited)",
				);
				GCC_WARN_64_TO_32_BIT_CONVERSION = YES;
				GCC_WARN_ABOUT_RETURN_TYPE = YES_ERROR;
				GCC_WARN_UNDECLARED_SELECTOR = YES;
				GCC_WARN_UNINITIALIZED_AUTOS = YES_AGGRESSIVE;
				GCC_WARN_UNUSED_FUNCTION = YES;
				GCC_WARN_UNUSED_VARIABLE = YES;
				IPHONEOS_DEPLOYMENT_TARGET = 13.0;
				MTL_ENABLE_DEBUG_INFO = INCLUDE_SOURCE;
				MTL_FAST_MATH = YES;
				ONLY_ACTIVE_ARCH = YES;
				SDKROOT = iphoneos;
				SWIFT_ACTIVE_COMPILATION_CONDITIONS = DEBUG;
				SWIFT_OPTIMIZATION_LEVEL = "-Onone";
			};
			name = Debug;
		};
		9179D8A42AB2D5CA002076A0 /* Release */ = {
			isa = XCBuildConfiguration;
			buildSettings = {
				ALWAYS_SEARCH_USER_PATHS = NO;
				CLANG_ANALYZER_NONNULL = YES;
				CLANG_ANALYZER_NUMBER_OBJECT_CONVERSION = YES_AGGRESSIVE;
				CLANG_CXX_LANGUAGE_STANDARD = "gnu++20";
				CLANG_ENABLE_MODULES = YES;
				CLANG_ENABLE_OBJC_ARC = YES;
				CLANG_ENABLE_OBJC_WEAK = YES;
				CLANG_WARN_BLOCK_CAPTURE_AUTORELEASING = YES;
				CLANG_WARN_BOOL_CONVERSION = YES;
				CLANG_WARN_COMMA = YES;
				CLANG_WARN_CONSTANT_CONVERSION = YES;
				CLANG_WARN_DEPRECATED_OBJC_IMPLEMENTATIONS = YES;
				CLANG_WARN_DIRECT_OBJC_ISA_USAGE = YES_ERROR;
				CLANG_WARN_DOCUMENTATION_COMMENTS = YES;
				CLANG_WARN_EMPTY_BODY = YES;
				CLANG_WARN_ENUM_CONVERSION = YES;
				CLANG_WARN_INFINITE_RECURSION = YES;
				CLANG_WARN_INT_CONVERSION = YES;
				CLANG_WARN_NON_LITERAL_NULL_CONVERSION = YES;
				CLANG_WARN_OBJC_IMPLICIT_RETAIN_SELF = YES;
				CLANG_WARN_OBJC_LITERAL_CONVERSION = YES;
				CLANG_WARN_OBJC_ROOT_CLASS = YES_ERROR;
				CLANG_WARN_QUOTED_INCLUDE_IN_FRAMEWORK_HEADER = YES;
				CLANG_WARN_RANGE_LOOP_ANALYSIS = YES;
				CLANG_WARN_STRICT_PROTOTYPES = YES;
				CLANG_WARN_SUSPICIOUS_MOVE = YES;
				CLANG_WARN_UNGUARDED_AVAILABILITY = YES_AGGRESSIVE;
				CLANG_WARN_UNREACHABLE_CODE = YES;
				CLANG_WARN__DUPLICATE_METHOD_MATCH = YES;
				COPY_PHASE_STRIP = NO;
				DEBUG_INFORMATION_FORMAT = "dwarf-with-dsym";
				ENABLE_NS_ASSERTIONS = NO;
				ENABLE_STRICT_OBJC_MSGSEND = YES;
				GCC_C_LANGUAGE_STANDARD = gnu11;
				GCC_NO_COMMON_BLOCKS = YES;
				GCC_WARN_64_TO_32_BIT_CONVERSION = YES;
				GCC_WARN_ABOUT_RETURN_TYPE = YES_ERROR;
				GCC_WARN_UNDECLARED_SELECTOR = YES;
				GCC_WARN_UNINITIALIZED_AUTOS = YES_AGGRESSIVE;
				GCC_WARN_UNUSED_FUNCTION = YES;
				GCC_WARN_UNUSED_VARIABLE = YES;
				IPHONEOS_DEPLOYMENT_TARGET = 13.0;
				MTL_ENABLE_DEBUG_INFO = NO;
				MTL_FAST_MATH = YES;
				SDKROOT = iphoneos;
				SWIFT_COMPILATION_MODE = wholemodule;
				SWIFT_OPTIMIZATION_LEVEL = "-O";
				VALIDATE_PRODUCT = YES;
			};
			name = Release;
		};
		9179D8A62AB2D5CA002076A0 /* Debug */ = {
			isa = XCBuildConfiguration;
			baseConfigurationReference = 942DDE29DEFB99341A1F651F /* Pods-MVVM-ex.debug.xcconfig */;
			buildSettings = {
				ASSETCATALOG_COMPILER_APPICON_NAME = AppIcon;
				ASSETCATALOG_COMPILER_GLOBAL_ACCENT_COLOR_NAME = AccentColor;
				CODE_SIGN_IDENTITY = "Apple Development";
				CODE_SIGN_STYLE = Automatic;
				CURRENT_PROJECT_VERSION = 1;
				DEVELOPMENT_TEAM = 5P785SMG29;
				GENERATE_INFOPLIST_FILE = YES;
				INFOPLIST_FILE = "MVVM-ex/Info.plist";
				INFOPLIST_KEY_UIApplicationSupportsIndirectInputEvents = YES;
				INFOPLIST_KEY_UILaunchStoryboardName = LaunchScreen;
				INFOPLIST_KEY_UIMainStoryboardFile = Main;
				INFOPLIST_KEY_UISupportedInterfaceOrientations_iPad = "UIInterfaceOrientationPortrait UIInterfaceOrientationPortraitUpsideDown UIInterfaceOrientationLandscapeLeft UIInterfaceOrientationLandscapeRight";
				INFOPLIST_KEY_UISupportedInterfaceOrientations_iPhone = "UIInterfaceOrientationPortrait UIInterfaceOrientationLandscapeLeft UIInterfaceOrientationLandscapeRight";
				IPHONEOS_DEPLOYMENT_TARGET = 13.0;
				LD_RUNPATH_SEARCH_PATHS = (
					"$(inherited)",
					"@executable_path/Frameworks",
				);
				MARKETING_VERSION = 1.0;
				PRODUCT_BUNDLE_IDENTIFIER = "omitoful.MVVM-ex";
				PRODUCT_NAME = "$(TARGET_NAME)";
				PROVISIONING_PROFILE_SPECIFIER = "";
				SUPPORTED_PLATFORMS = "iphoneos iphonesimulator";
				SUPPORTS_MACCATALYST = NO;
				SUPPORTS_MAC_DESIGNED_FOR_IPHONE_IPAD = NO;
				SWIFT_EMIT_LOC_STRINGS = YES;
				SWIFT_VERSION = 5.0;
				TARGETED_DEVICE_FAMILY = 1;
				TVOS_DEPLOYMENT_TARGET = 13.0;
			};
			name = Debug;
		};
		9179D8A72AB2D5CA002076A0 /* Release */ = {
			isa = XCBuildConfiguration;
			baseConfigurationReference = 9AE8E5D6BE2AB7DE01D898BF /* Pods-MVVM-ex.release.xcconfig */;
			buildSettings = {
				ASSETCATALOG_COMPILER_APPICON_NAME = AppIcon;
				ASSETCATALOG_COMPILER_GLOBAL_ACCENT_COLOR_NAME = AccentColor;
				CODE_SIGN_IDENTITY = "Apple Development";
				CODE_SIGN_STYLE = Automatic;
				CURRENT_PROJECT_VERSION = 1;
				DEVELOPMENT_TEAM = 5P785SMG29;
				GENERATE_INFOPLIST_FILE = YES;
				INFOPLIST_FILE = "MVVM-ex/Info.plist";
				INFOPLIST_KEY_UIApplicationSupportsIndirectInputEvents = YES;
				INFOPLIST_KEY_UILaunchStoryboardName = LaunchScreen;
				INFOPLIST_KEY_UIMainStoryboardFile = Main;
				INFOPLIST_KEY_UISupportedInterfaceOrientations_iPad = "UIInterfaceOrientationPortrait UIInterfaceOrientationPortraitUpsideDown UIInterfaceOrientationLandscapeLeft UIInterfaceOrientationLandscapeRight";
				INFOPLIST_KEY_UISupportedInterfaceOrientations_iPhone = "UIInterfaceOrientationPortrait UIInterfaceOrientationLandscapeLeft UIInterfaceOrientationLandscapeRight";
				IPHONEOS_DEPLOYMENT_TARGET = 13.0;
				LD_RUNPATH_SEARCH_PATHS = (
					"$(inherited)",
					"@executable_path/Frameworks",
				);
				MARKETING_VERSION = 1.0;
				PRODUCT_BUNDLE_IDENTIFIER = "omitoful.MVVM-ex";
				PRODUCT_NAME = "$(TARGET_NAME)";
				PROVISIONING_PROFILE_SPECIFIER = "";
				SUPPORTED_PLATFORMS = "iphoneos iphonesimulator";
				SUPPORTS_MACCATALYST = NO;
				SUPPORTS_MAC_DESIGNED_FOR_IPHONE_IPAD = NO;
				SWIFT_EMIT_LOC_STRINGS = YES;
				SWIFT_VERSION = 5.0;
				TARGETED_DEVICE_FAMILY = 1;
				TVOS_DEPLOYMENT_TARGET = 13.0;
			};
			name = Release;
		};
/* End XCBuildConfiguration section */

/* Begin XCConfigurationList section */
		9179D88C2AB2D5C8002076A0 /* Build configuration list for PBXProject "MVVM-ex" */ = {
			isa = XCConfigurationList;
			buildConfigurations = (
				9179D8A32AB2D5CA002076A0 /* Debug */,
				9179D8A42AB2D5CA002076A0 /* Release */,
			);
			defaultConfigurationIsVisible = 0;
			defaultConfigurationName = Release;
		};
		9179D8A52AB2D5CA002076A0 /* Build configuration list for PBXNativeTarget "MVVM-ex" */ = {
			isa = XCConfigurationList;
			buildConfigurations = (
				9179D8A62AB2D5CA002076A0 /* Debug */,
				9179D8A72AB2D5CA002076A0 /* Release */,
			);
			defaultConfigurationIsVisible = 0;
			defaultConfigurationName = Release;
		};
/* End XCConfigurationList section */
	};
	rootObject = 9179D8892AB2D5C8002076A0 /* Project object */;
}
